
Microsoft Visual Studio Solution File, Format Version 12.00
# Visual Studio Version 16
VisualStudioVersion = 16.0.30330.147
MinimumVisualStudioVersion = 10.0.40219.1
Project("{FAE04EC0-301F-11D3-BF4B-00C04F79EFBC}") = "CGP_L3_Savin_M", "CGP_L3_Savin_M\CGP_L3_Savin_M.csproj", "{313AD6DD-CDA4-453D-93CE-9C458A586CA5}"
EndProject
Global
	GlobalSection(SolutionConfigurationPlatforms) = preSolution
		Debug|Any CPU = Debug|Any CPU
		Release|Any CPU = Release|Any CPU
	EndGlobalSection
	GlobalSection(ProjectConfigurationPlatforms) = postSolution
		{313AD6DD-CDA4-453D-93CE-9C458A586CA5}.Debug|Any CPU.ActiveCfg = Debug|Any CPU
		{313AD6DD-CDA4-453D-93CE-9C458A586CA5}.Debug|Any CPU.Build.0 = Debug|Any CPU
		{313AD6DD-CDA4-453D-93CE-9C458A586CA5}.Release|Any CPU.ActiveCfg = Release|Any CPU
		{313AD6DD-CDA4-453D-93CE-9C458A586CA5}.Release|Any CPU.Build.0 = Release|Any CPU
	EndGlobalSection
	GlobalSection(SolutionProperties) = preSolution
		HideSolutionNode = FALSE
	EndGlobalSection
	GlobalSection(ExtensibilityGlobals) = postSolution
		SolutionGuid = {D563C1AC-A53D-4FE5-99FD-A607048E6EEA}
	EndGlobalSection
EndGlobal
