
Microsoft Visual Studio Solution File, Format Version 12.00
# Visual Studio Version 16
VisualStudioVersion = 16.0.30503.244
MinimumVisualStudioVersion = 10.0.40219.1
Project("{FAE04EC0-301F-11D3-BF4B-00C04F79EFBC}") = "CGP_L1_Savin_M", "CGP_L1_Savin_M\CGP_L1_Savin_M.csproj", "{475EDFA6-2C5A-4929-9740-83D39DF004ED}"
EndProject
Global
	GlobalSection(SolutionConfigurationPlatforms) = preSolution
		Debug|Any CPU = Debug|Any CPU
		Release|Any CPU = Release|Any CPU
	EndGlobalSection
	GlobalSection(ProjectConfigurationPlatforms) = postSolution
		{475EDFA6-2C5A-4929-9740-83D39DF004ED}.Debug|Any CPU.ActiveCfg = Debug|Any CPU
		{475EDFA6-2C5A-4929-9740-83D39DF004ED}.Debug|Any CPU.Build.0 = Debug|Any CPU
		{475EDFA6-2C5A-4929-9740-83D39DF004ED}.Release|Any CPU.ActiveCfg = Release|Any CPU
		{475EDFA6-2C5A-4929-9740-83D39DF004ED}.Release|Any CPU.Build.0 = Release|Any CPU
	EndGlobalSection
	GlobalSection(SolutionProperties) = preSolution
		HideSolutionNode = FALSE
	EndGlobalSection
	GlobalSection(ExtensibilityGlobals) = postSolution
		SolutionGuid = {38072AC1-EC67-42BF-9D5F-C4AF6AF63FF2}
	EndGlobalSection
EndGlobal
